// !$*UTF8*$!
{
	archiveVersion = 1;
	classes = {
	};
	objectVersion = 50;
	objects = {

/* Begin PBXBuildFile section */
		783EC05A2424AB5B00E6CDA8 /* ViewController2.swift in Sources */ = {isa = PBXBuildFile; fileRef = 783EC0582424AB5B00E6CDA8 /* ViewController2.swift */; };
		783EC05D2424AC0A00E6CDA8 /* PropertyList.plist in Resources */ = {isa = PBXBuildFile; fileRef = 783EC05C2424AC0A00E6CDA8 /* PropertyList.plist */; };
		7880F790242310A400F5F8B2 /* AppDelegate.swift in Sources */ = {isa = PBXBuildFile; fileRef = 7880F78F242310A400F5F8B2 /* AppDelegate.swift */; };
		7880F792242310A400F5F8B2 /* SceneDelegate.swift in Sources */ = {isa = PBXBuildFile; fileRef = 7880F791242310A400F5F8B2 /* SceneDelegate.swift */; };
		7880F794242310A400F5F8B2 /* ViewController.swift in Sources */ = {isa = PBXBuildFile; fileRef = 7880F793242310A400F5F8B2 /* ViewController.swift */; };
		7880F797242310A400F5F8B2 /* Main.storyboard in Resources */ = {isa = PBXBuildFile; fileRef = 7880F795242310A400F5F8B2 /* Main.storyboard */; };
		7880F799242310A700F5F8B2 /* Assets.xcassets in Resources */ = {isa = PBXBuildFile; fileRef = 7880F798242310A700F5F8B2 /* Assets.xcassets */; };
		7880F79C242310A700F5F8B2 /* LaunchScreen.storyboard in Resources */ = {isa = PBXBuildFile; fileRef = 7880F79A242310A700F5F8B2 /* LaunchScreen.storyboard */; };
		7880F7A7242310A700F5F8B2 /* XLUrlRouterTests.swift in Sources */ = {isa = PBXBuildFile; fileRef = 7880F7A6242310A700F5F8B2 /* XLUrlRouterTests.swift */; };
		7880F7B2242310A700F5F8B2 /* XLUrlRouterUITests.swift in Sources */ = {isa = PBXBuildFile; fileRef = 7880F7B1242310A700F5F8B2 /* XLUrlRouterUITests.swift */; };
		7880F7C72423158500F5F8B2 /* UIViewController+URLNavigation.swift in Sources */ = {isa = PBXBuildFile; fileRef = 7880F7C02423158500F5F8B2 /* UIViewController+URLNavigation.swift */; };
		7880F7C82423158500F5F8B2 /* LL.swift in Sources */ = {isa = PBXBuildFile; fileRef = 7880F7C12423158500F5F8B2 /* LL.swift */; };
		7880F7C92423158500F5F8B2 /* Tool.swift in Sources */ = {isa = PBXBuildFile; fileRef = 7880F7C22423158500F5F8B2 /* Tool.swift */; };
		7880F7CA2423158500F5F8B2 /* URL+LL.swift in Sources */ = {isa = PBXBuildFile; fileRef = 7880F7C32423158500F5F8B2 /* URL+LL.swift */; };
		7880F7CB2423158500F5F8B2 /* Protocols.swift in Sources */ = {isa = PBXBuildFile; fileRef = 7880F7C42423158500F5F8B2 /* Protocols.swift */; };
		7880F7CC2423158500F5F8B2 /* Router.swift in Sources */ = {isa = PBXBuildFile; fileRef = 7880F7C52423158500F5F8B2 /* Router.swift */; };
		7880F7CD2423158500F5F8B2 /* UIViewController+URLRouter.swift in Sources */ = {isa = PBXBuildFile; fileRef = 7880F7C62423158500F5F8B2 /* UIViewController+URLRouter.swift */; };
/* End PBXBuildFile section */

/* Begin PBXContainerItemProxy section */
		7880F7A3242310A700F5F8B2 /* PBXContainerItemProxy */ = {
			isa = PBXContainerItemProxy;
			containerPortal = 7880F784242310A400F5F8B2 /* Project object */;
			proxyType = 1;
			remoteGlobalIDString = 7880F78B242310A400F5F8B2;
			remoteInfo = XLUrlRouter;
		};
		7880F7AE242310A700F5F8B2 /* PBXContainerItemProxy */ = {
			isa = PBXContainerItemProxy;
			containerPortal = 7880F784242310A400F5F8B2 /* Project object */;
			proxyType = 1;
			remoteGlobalIDString = 7880F78B242310A400F5F8B2;
			remoteInfo = XLUrlRouter;
		};
/* End PBXContainerItemProxy section */

/* Begin PBXFileReference section */
		783EC0582424AB5B00E6CDA8 /* ViewController2.swift */ = {isa = PBXFileReference; fileEncoding = 4; lastKnownFileType = sourcecode.swift; path = ViewController2.swift; sourceTree = "<group>"; };
		783EC05C2424AC0A00E6CDA8 /* PropertyList.plist */ = {isa = PBXFileReference; fileEncoding = 4; lastKnownFileType = text.plist.xml; path = PropertyList.plist; sourceTree = "<group>"; };
		7880F78C242310A400F5F8B2 /* XLUrlRouter.app */ = {isa = PBXFileReference; explicitFileType = wrapper.application; includeInIndex = 0; path = XLUrlRouter.app; sourceTree = BUILT_PRODUCTS_DIR; };
		7880F78F242310A400F5F8B2 /* AppDelegate.swift */ = {isa = PBXFileReference; lastKnownFileType = sourcecode.swift; path = AppDelegate.swift; sourceTree = "<group>"; };
		7880F791242310A400F5F8B2 /* SceneDelegate.swift */ = {isa = PBXFileReference; lastKnownFileType = sourcecode.swift; path = SceneDelegate.swift; sourceTree = "<group>"; };
		7880F793242310A400F5F8B2 /* ViewController.swift */ = {isa = PBXFileReference; lastKnownFileType = sourcecode.swift; path = ViewController.swift; sourceTree = "<group>"; };
		7880F796242310A400F5F8B2 /* Base */ = {isa = PBXFileReference; lastKnownFileType = file.storyboard; name = Base; path = Base.lproj/Main.storyboard; sourceTree = "<group>"; };
		7880F798242310A700F5F8B2 /* Assets.xcassets */ = {isa = PBXFileReference; lastKnownFileType = folder.assetcatalog; path = Assets.xcassets; sourceTree = "<group>"; };
		7880F79B242310A700F5F8B2 /* Base */ = {isa = PBXFileReference; lastKnownFileType = file.storyboard; name = Base; path = Base.lproj/LaunchScreen.storyboard; sourceTree = "<group>"; };
		7880F79D242310A700F5F8B2 /* Info.plist */ = {isa = PBXFileReference; lastKnownFileType = text.plist.xml; path = Info.plist; sourceTree = "<group>"; };
		7880F7A2242310A700F5F8B2 /* XLUrlRouterTests.xctest */ = {isa = PBXFileReference; explicitFileType = wrapper.cfbundle; includeInIndex = 0; path = XLUrlRouterTests.xctest; sourceTree = BUILT_PRODUCTS_DIR; };
		7880F7A6242310A700F5F8B2 /* XLUrlRouterTests.swift */ = {isa = PBXFileReference; lastKnownFileType = sourcecode.swift; path = XLUrlRouterTests.swift; sourceTree = "<group>"; };
		7880F7A8242310A700F5F8B2 /* Info.plist */ = {isa = PBXFileReference; lastKnownFileType = text.plist.xml; path = Info.plist; sourceTree = "<group>"; };
		7880F7AD242310A700F5F8B2 /* XLUrlRouterUITests.xctest */ = {isa = PBXFileReference; explicitFileType = wrapper.cfbundle; includeInIndex = 0; path = XLUrlRouterUITests.xctest; sourceTree = BUILT_PRODUCTS_DIR; };
		7880F7B1242310A700F5F8B2 /* XLUrlRouterUITests.swift */ = {isa = PBXFileReference; lastKnownFileType = sourcecode.swift; path = XLUrlRouterUITests.swift; sourceTree = "<group>"; };
		7880F7B3242310A700F5F8B2 /* Info.plist */ = {isa = PBXFileReference; lastKnownFileType = text.plist.xml; path = Info.plist; sourceTree = "<group>"; };
		7880F7C02423158500F5F8B2 /* UIViewController+URLNavigation.swift */ = {isa = PBXFileReference; fileEncoding = 4; lastKnownFileType = sourcecode.swift; path = "UIViewController+URLNavigation.swift"; sourceTree = "<group>"; };
		7880F7C12423158500F5F8B2 /* LL.swift */ = {isa = PBXFileReference; fileEncoding = 4; lastKnownFileType = sourcecode.swift; path = LL.swift; sourceTree = "<group>"; };
		7880F7C22423158500F5F8B2 /* Tool.swift */ = {isa = PBXFileReference; fileEncoding = 4; lastKnownFileType = sourcecode.swift; path = Tool.swift; sourceTree = "<group>"; };
		7880F7C32423158500F5F8B2 /* URL+LL.swift */ = {isa = PBXFileReference; fileEncoding = 4; lastKnownFileType = sourcecode.swift; path = "URL+LL.swift"; sourceTree = "<group>"; };
		7880F7C42423158500F5F8B2 /* Protocols.swift */ = {isa = PBXFileReference; fileEncoding = 4; lastKnownFileType = sourcecode.swift; path = Protocols.swift; sourceTree = "<group>"; };
		7880F7C52423158500F5F8B2 /* Router.swift */ = {isa = PBXFileReference; fileEncoding = 4; lastKnownFileType = sourcecode.swift; path = Router.swift; sourceTree = "<group>"; };
		7880F7C62423158500F5F8B2 /* UIViewController+URLRouter.swift */ = {isa = PBXFileReference; fileEncoding = 4; lastKnownFileType = sourcecode.swift; path = "UIViewController+URLRouter.swift"; sourceTree = "<group>"; };
/* End PBXFileReference section */

/* Begin PBXFrameworksBuildPhase section */
		7880F789242310A400F5F8B2 /* Frameworks */ = {
			isa = PBXFrameworksBuildPhase;
			buildActionMask = 2147483647;
			files = (
			);
			runOnlyForDeploymentPostprocessing = 0;
		};
		7880F79F242310A700F5F8B2 /* Frameworks */ = {
			isa = PBXFrameworksBuildPhase;
			buildActionMask = 2147483647;
			files = (
			);
			runOnlyForDeploymentPostprocessing = 0;
		};
		7880F7AA242310A700F5F8B2 /* Frameworks */ = {
			isa = PBXFrameworksBuildPhase;
			buildActionMask = 2147483647;
			files = (
			);
			runOnlyForDeploymentPostprocessing = 0;
		};
/* End PBXFrameworksBuildPhase section */

/* Begin PBXGroup section */
		7880F783242310A400F5F8B2 = {
			isa = PBXGroup;
			children = (
				7880F78E242310A400F5F8B2 /* XLUrlRouter */,
				7880F7A5242310A700F5F8B2 /* XLUrlRouterTests */,
				7880F7B0242310A700F5F8B2 /* XLUrlRouterUITests */,
				7880F78D242310A400F5F8B2 /* Products */,
			);
			sourceTree = "<group>";
		};
		7880F78D242310A400F5F8B2 /* Products */ = {
			isa = PBXGroup;
			children = (
				7880F78C242310A400F5F8B2 /* XLUrlRouter.app */,
				7880F7A2242310A700F5F8B2 /* XLUrlRouterTests.xctest */,
				7880F7AD242310A700F5F8B2 /* XLUrlRouterUITests.xctest */,
			);
			name = Products;
			sourceTree = "<group>";
		};
		7880F78E242310A400F5F8B2 /* XLUrlRouter */ = {
			isa = PBXGroup;
			children = (
				783EC05C2424AC0A00E6CDA8 /* PropertyList.plist */,
				7880F7BF2423158500F5F8B2 /* XLUrlRouter */,
				7880F78F242310A400F5F8B2 /* AppDelegate.swift */,
				7880F791242310A400F5F8B2 /* SceneDelegate.swift */,
				7880F793242310A400F5F8B2 /* ViewController.swift */,
				783EC0582424AB5B00E6CDA8 /* ViewController2.swift */,
				7880F795242310A400F5F8B2 /* Main.storyboard */,
				7880F798242310A700F5F8B2 /* Assets.xcassets */,
				7880F79A242310A700F5F8B2 /* LaunchScreen.storyboard */,
				7880F79D242310A700F5F8B2 /* Info.plist */,
			);
			path = XLUrlRouter;
			sourceTree = "<group>";
		};
		7880F7A5242310A700F5F8B2 /* XLUrlRouterTests */ = {
			isa = PBXGroup;
			children = (
				7880F7A6242310A700F5F8B2 /* XLUrlRouterTests.swift */,
				7880F7A8242310A700F5F8B2 /* Info.plist */,
			);
			path = XLUrlRouterTests;
			sourceTree = "<group>";
		};
		7880F7B0242310A700F5F8B2 /* XLUrlRouterUITests */ = {
			isa = PBXGroup;
			children = (
				7880F7B1242310A700F5F8B2 /* XLUrlRouterUITests.swift */,
				7880F7B3242310A700F5F8B2 /* Info.plist */,
			);
			path = XLUrlRouterUITests;
			sourceTree = "<group>";
		};
		7880F7BF2423158500F5F8B2 /* XLUrlRouter */ = {
			isa = PBXGroup;
			children = (
				7880F7C02423158500F5F8B2 /* UIViewController+URLNavigation.swift */,
				7880F7C12423158500F5F8B2 /* LL.swift */,
				7880F7C22423158500F5F8B2 /* Tool.swift */,
				7880F7C32423158500F5F8B2 /* URL+LL.swift */,
				7880F7C42423158500F5F8B2 /* Protocols.swift */,
				7880F7C52423158500F5F8B2 /* Router.swift */,
				7880F7C62423158500F5F8B2 /* UIViewController+URLRouter.swift */,
			);
			path = XLUrlRouter;
			sourceTree = "<group>";
		};
/* End PBXGroup section */

/* Begin PBXNativeTarget section */
		7880F78B242310A400F5F8B2 /* XLUrlRouter */ = {
			isa = PBXNativeTarget;
			buildConfigurationList = 7880F7B6242310A700F5F8B2 /* Build configuration list for PBXNativeTarget "XLUrlRouter" */;
			buildPhases = (
				7880F788242310A400F5F8B2 /* Sources */,
				7880F789242310A400F5F8B2 /* Frameworks */,
				7880F78A242310A400F5F8B2 /* Resources */,
			);
			buildRules = (
			);
			dependencies = (
			);
			name = XLUrlRouter;
			productName = XLUrlRouter;
			productReference = 7880F78C242310A400F5F8B2 /* XLUrlRouter.app */;
			productType = "com.apple.product-type.application";
		};
		7880F7A1242310A700F5F8B2 /* XLUrlRouterTests */ = {
			isa = PBXNativeTarget;
			buildConfigurationList = 7880F7B9242310A700F5F8B2 /* Build configuration list for PBXNativeTarget "XLUrlRouterTests" */;
			buildPhases = (
				7880F79E242310A700F5F8B2 /* Sources */,
				7880F79F242310A700F5F8B2 /* Frameworks */,
				7880F7A0242310A700F5F8B2 /* Resources */,
			);
			buildRules = (
			);
			dependencies = (
				7880F7A4242310A700F5F8B2 /* PBXTargetDependency */,
			);
			name = XLUrlRouterTests;
			productName = XLUrlRouterTests;
			productReference = 7880F7A2242310A700F5F8B2 /* XLUrlRouterTests.xctest */;
			productType = "com.apple.product-type.bundle.unit-test";
		};
		7880F7AC242310A700F5F8B2 /* XLUrlRouterUITests */ = {
			isa = PBXNativeTarget;
			buildConfigurationList = 7880F7BC242310A700F5F8B2 /* Build configuration list for PBXNativeTarget "XLUrlRouterUITests" */;
			buildPhases = (
				7880F7A9242310A700F5F8B2 /* Sources */,
				7880F7AA242310A700F5F8B2 /* Frameworks */,
				7880F7AB242310A700F5F8B2 /* Resources */,
			);
			buildRules = (
			);
			dependencies = (
				7880F7AF242310A700F5F8B2 /* PBXTargetDependency */,
			);
			name = XLUrlRouterUITests;
			productName = XLUrlRouterUITests;
			productReference = 7880F7AD242310A700F5F8B2 /* XLUrlRouterUITests.xctest */;
			productType = "com.apple.product-type.bundle.ui-testing";
		};
/* End PBXNativeTarget section */

/* Begin PBXProject section */
		7880F784242310A400F5F8B2 /* Project object */ = {
			isa = PBXProject;
			attributes = {
				LastSwiftUpdateCheck = 1130;
				LastUpgradeCheck = 1130;
				ORGANIZATIONNAME = wangxu;
				TargetAttributes = {
					7880F78B242310A400F5F8B2 = {
						CreatedOnToolsVersion = 11.3.1;
					};
					7880F7A1242310A700F5F8B2 = {
						CreatedOnToolsVersion = 11.3.1;
						TestTargetID = 7880F78B242310A400F5F8B2;
					};
					7880F7AC242310A700F5F8B2 = {
						CreatedOnToolsVersion = 11.3.1;
						TestTargetID = 7880F78B242310A400F5F8B2;
					};
				};
			};
			buildConfigurationList = 7880F787242310A400F5F8B2 /* Build configuration list for PBXProject "XLUrlRouter" */;
			compatibilityVersion = "Xcode 9.3";
			developmentRegion = en;
			hasScannedForEncodings = 0;
			knownRegions = (
				en,
				Base,
			);
			mainGroup = 7880F783242310A400F5F8B2;
			productRefGroup = 7880F78D242310A400F5F8B2 /* Products */;
			projectDirPath = "";
			projectRoot = "";
			targets = (
				7880F78B242310A400F5F8B2 /* XLUrlRouter */,
				7880F7A1242310A700F5F8B2 /* XLUrlRouterTests */,
				7880F7AC242310A700F5F8B2 /* XLUrlRouterUITests */,
			);
		};
/* End PBXProject section */

/* Begin PBXResourcesBuildPhase section */
		7880F78A242310A400F5F8B2 /* Resources */ = {
			isa = PBXResourcesBuildPhase;
			buildActionMask = 2147483647;
			files = (
				7880F79C242310A700F5F8B2 /* LaunchScreen.storyboard in Resources */,
				783EC05D2424AC0A00E6CDA8 /* PropertyList.plist in Resources */,
				7880F799242310A700F5F8B2 /* Assets.xcassets in Resources */,
				7880F797242310A400F5F8B2 /* Main.storyboard in Resources */,
			);
			runOnlyForDeploymentPostprocessing = 0;
		};
		7880F7A0242310A700F5F8B2 /* Resources */ = {
			isa = PBXResourcesBuildPhase;
			buildActionMask = 2147483647;
			files = (
			);
			runOnlyForDeploymentPostprocessing = 0;
		};
		7880F7AB242310A700F5F8B2 /* Resources */ = {
			isa = PBXResourcesBuildPhase;
			buildActionMask = 2147483647;
			files = (
			);
			runOnlyForDeploymentPostprocessing = 0;
		};
/* End PBXResourcesBuildPhase section */

/* Begin PBXSourcesBuildPhase section */
		7880F788242310A400F5F8B2 /* Sources */ = {
			isa = PBXSourcesBuildPhase;
			buildActionMask = 2147483647;
			files = (
				7880F7CD2423158500F5F8B2 /* UIViewController+URLRouter.swift in Sources */,
				7880F794242310A400F5F8B2 /* ViewController.swift in Sources */,
				7880F790242310A400F5F8B2 /* AppDelegate.swift in Sources */,
				7880F7C72423158500F5F8B2 /* UIViewController+URLNavigation.swift in Sources */,
				783EC05A2424AB5B00E6CDA8 /* ViewController2.swift in Sources */,
				7880F7C92423158500F5F8B2 /* Tool.swift in Sources */,
				7880F7CC2423158500F5F8B2 /* Router.swift in Sources */,
				7880F7C82423158500F5F8B2 /* LL.swift in Sources */,
				7880F7CA2423158500F5F8B2 /* URL+LL.swift in Sources */,
				7880F792242310A400F5F8B2 /* SceneDelegate.swift in Sources */,
				7880F7CB2423158500F5F8B2 /* Protocols.swift in Sources */,
			);
			runOnlyForDeploymentPostprocessing = 0;
		};
		7880F79E242310A700F5F8B2 /* Sources */ = {
			isa = PBXSourcesBuildPhase;
			buildActionMask = 2147483647;
			files = (
				7880F7A7242310A700F5F8B2 /* XLUrlRouterTests.swift in Sources */,
			);
			runOnlyForDeploymentPostprocessing = 0;
		};
		7880F7A9242310A700F5F8B2 /* Sources */ = {
			isa = PBXSourcesBuildPhase;
			buildActionMask = 2147483647;
			files = (
				7880F7B2242310A700F5F8B2 /* XLUrlRouterUITests.swift in Sources */,
			);
			runOnlyForDeploymentPostprocessing = 0;
		};
/* End PBXSourcesBuildPhase section */

/* Begin PBXTargetDependency section */
		7880F7A4242310A700F5F8B2 /* PBXTargetDependency */ = {
			isa = PBXTargetDependency;
			target = 7880F78B242310A400F5F8B2 /* XLUrlRouter */;
			targetProxy = 7880F7A3242310A700F5F8B2 /* PBXContainerItemProxy */;
		};
		7880F7AF242310A700F5F8B2 /* PBXTargetDependency */ = {
			isa = PBXTargetDependency;
			target = 7880F78B242310A400F5F8B2 /* XLUrlRouter */;
			targetProxy = 7880F7AE242310A700F5F8B2 /* PBXContainerItemProxy */;
		};
/* End PBXTargetDependency section */

/* Begin PBXVariantGroup section */
		7880F795242310A400F5F8B2 /* Main.storyboard */ = {
			isa = PBXVariantGroup;
			children = (
				7880F796242310A400F5F8B2 /* Base */,
			);
			name = Main.storyboard;
			sourceTree = "<group>";
		};
		7880F79A242310A700F5F8B2 /* LaunchScreen.storyboard */ = {
			isa = PBXVariantGroup;
			children = (
				7880F79B242310A700F5F8B2 /* Base */,
			);
			name = LaunchScreen.storyboard;
			sourceTree = "<group>";
		};
/* End PBXVariantGroup section */

/* Begin XCBuildConfiguration section */
		7880F7B4242310A700F5F8B2 /* Debug */ = {
			isa = XCBuildConfiguration;
			buildSettings = {
				ALWAYS_SEARCH_USER_PATHS = NO;
				CLANG_ANALYZER_NONNULL = YES;
				CLANG_ANALYZER_NUMBER_OBJECT_CONVERSION = YES_AGGRESSIVE;
				CLANG_CXX_LANGUAGE_STANDARD = "gnu++14";
				CLANG_CXX_LIBRARY = "libc++";
				CLANG_ENABLE_MODULES = YES;
				CLANG_ENABLE_OBJC_ARC = YES;
				CLANG_ENABLE_OBJC_WEAK = YES;
				CLANG_WARN_BLOCK_CAPTURE_AUTORELEASING = YES;
				CLANG_WARN_BOOL_CONVERSION = YES;
				CLANG_WARN_COMMA = YES;
				CLANG_WARN_CONSTANT_CONVERSION = YES;
				CLANG_WARN_DEPRECATED_OBJC_IMPLEMENTATIONS = YES;
				CLANG_WARN_DIRECT_OBJC_ISA_USAGE = YES_ERROR;
				CLANG_WARN_DOCUMENTATION_COMMENTS = YES;
				CLANG_WARN_EMPTY_BODY = YES;
				CLANG_WARN_ENUM_CONVERSION = YES;
				CLANG_WARN_INFINITE_RECURSION = YES;
				CLANG_WARN_INT_CONVERSION = YES;
				CLANG_WARN_NON_LITERAL_NULL_CONVERSION = YES;
				CLANG_WARN_OBJC_IMPLICIT_RETAIN_SELF = YES;
				CLANG_WARN_OBJC_LITERAL_CONVERSION = YES;
				CLANG_WARN_OBJC_ROOT_CLASS = YES_ERROR;
				CLANG_WARN_RANGE_LOOP_ANALYSIS = YES;
				CLANG_WARN_STRICT_PROTOTYPES = YES;
				CLANG_WARN_SUSPICIOUS_MOVE = YES;
				CLANG_WARN_UNGUARDED_AVAILABILITY = YES_AGGRESSIVE;
				CLANG_WARN_UNREACHABLE_CODE = YES;
				CLANG_WARN__DUPLICATE_METHOD_MATCH = YES;
				COPY_PHASE_STRIP = NO;
				DEBUG_INFORMATION_FORMAT = dwarf;
				ENABLE_STRICT_OBJC_MSGSEND = YES;
				ENABLE_TESTABILITY = YES;
				GCC_C_LANGUAGE_STANDARD = gnu11;
				GCC_DYNAMIC_NO_PIC = NO;
				GCC_NO_COMMON_BLOCKS = YES;
				GCC_OPTIMIZATION_LEVEL = 0;
				GCC_PREPROCESSOR_DEFINITIONS = (
					"DEBUG=1",
					"$(inherited)",
				);
				GCC_WARN_64_TO_32_BIT_CONVERSION = YES;
				GCC_WARN_ABOUT_RETURN_TYPE = YES_ERROR;
				GCC_WARN_UNDECLARED_SELECTOR = YES;
				GCC_WARN_UNINITIALIZED_AUTOS = YES_AGGRESSIVE;
				GCC_WARN_UNUSED_FUNCTION = YES;
				GCC_WARN_UNUSED_VARIABLE = YES;
				IPHONEOS_DEPLOYMENT_TARGET = 13.2;
				MTL_ENABLE_DEBUG_INFO = INCLUDE_SOURCE;
				MTL_FAST_MATH = YES;
				ONLY_ACTIVE_ARCH = YES;
				SDKROOT = iphoneos;
				SWIFT_ACTIVE_COMPILATION_CONDITIONS = DEBUG;
				SWIFT_OPTIMIZATION_LEVEL = "-Onone";
			};
			name = Debug;
		};
		7880F7B5242310A700F5F8B2 /* Release */ = {
			isa = XCBuildConfiguration;
			buildSettings = {
				ALWAYS_SEARCH_USER_PATHS = NO;
				CLANG_ANALYZER_NONNULL = YES;
				CLANG_ANALYZER_NUMBER_OBJECT_CONVERSION = YES_AGGRESSIVE;
				CLANG_CXX_LANGUAGE_STANDARD = "gnu++14";
				CLANG_CXX_LIBRARY = "libc++";
				CLANG_ENABLE_MODULES = YES;
				CLANG_ENABLE_OBJC_ARC = YES;
				CLANG_ENABLE_OBJC_WEAK = YES;
				CLANG_WARN_BLOCK_CAPTURE_AUTORELEASING = YES;
				CLANG_WARN_BOOL_CONVERSION = YES;
				CLANG_WARN_COMMA = YES;
				CLANG_WARN_CONSTANT_CONVERSION = YES;
				CLANG_WARN_DEPRECATED_OBJC_IMPLEMENTATIONS = YES;
				CLANG_WARN_DIRECT_OBJC_ISA_USAGE = YES_ERROR;
				CLANG_WARN_DOCUMENTATION_COMMENTS = YES;
				CLANG_WARN_EMPTY_BODY = YES;
				CLANG_WARN_ENUM_CONVERSION = YES;
				CLANG_WARN_INFINITE_RECURSION = YES;
				CLANG_WARN_INT_CONVERSION = YES;
				CLANG_WARN_NON_LITERAL_NULL_CONVERSION = YES;
				CLANG_WARN_OBJC_IMPLICIT_RETAIN_SELF = YES;
				CLANG_WARN_OBJC_LITERAL_CONVERSION = YES;
				CLANG_WARN_OBJC_ROOT_CLASS = YES_ERROR;
				CLANG_WARN_RANGE_LOOP_ANALYSIS = YES;
				CLANG_WARN_STRICT_PROTOTYPES = YES;
				CLANG_WARN_SUSPICIOUS_MOVE = YES;
				CLANG_WARN_UNGUARDED_AVAILABILITY = YES_AGGRESSIVE;
				CLANG_WARN_UNREACHABLE_CODE = YES;
				CLANG_WARN__DUPLICATE_METHOD_MATCH = YES;
				COPY_PHASE_STRIP = NO;
				DEBUG_INFORMATION_FORMAT = "dwarf-with-dsym";
				ENABLE_NS_ASSERTIONS = NO;
				ENABLE_STRICT_OBJC_MSGSEND = YES;
				GCC_C_LANGUAGE_STANDARD = gnu11;
				GCC_NO_COMMON_BLOCKS = YES;
				GCC_WARN_64_TO_32_BIT_CONVERSION = YES;
				GCC_WARN_ABOUT_RETURN_TYPE = YES_ERROR;
				GCC_WARN_UNDECLARED_SELECTOR = YES;
				GCC_WARN_UNINITIALIZED_AUTOS = YES_AGGRESSIVE;
				GCC_WARN_UNUSED_FUNCTION = YES;
				GCC_WARN_UNUSED_VARIABLE = YES;
				IPHONEOS_DEPLOYMENT_TARGET = 13.2;
				MTL_ENABLE_DEBUG_INFO = NO;
				MTL_FAST_MATH = YES;
				SDKROOT = iphoneos;
				SWIFT_COMPILATION_MODE = wholemodule;
				SWIFT_OPTIMIZATION_LEVEL = "-O";
				VALIDATE_PRODUCT = YES;
			};
			name = Release;
		};
		7880F7B7242310A700F5F8B2 /* Debug */ = {
			isa = XCBuildConfiguration;
			buildSettings = {
				ASSETCATALOG_COMPILER_APPICON_NAME = AppIcon;
				CODE_SIGN_STYLE = Automatic;
				DEVELOPMENT_TEAM = 8RC3NK7EXM;
				INFOPLIST_FILE = XLUrlRouter/Info.plist;
				LD_RUNPATH_SEARCH_PATHS = (
					"$(inherited)",
					"@executable_path/Frameworks",
				);
				PRODUCT_BUNDLE_IDENTIFIER = com.tradeaider.app.XLUrlRouter;
				PRODUCT_NAME = "$(TARGET_NAME)";
				SWIFT_VERSION = 5.0;
				TARGETED_DEVICE_FAMILY = "1,2";
			};
			name = Debug;
		};
		7880F7B8242310A700F5F8B2 /* Release */ = {
			isa = XCBuildConfiguration;
			buildSettings = {
				ASSETCATALOG_COMPILER_APPICON_NAME = AppIcon;
				CODE_SIGN_STYLE = Automatic;
				DEVELOPMENT_TEAM = 8RC3NK7EXM;
				INFOPLIST_FILE = XLUrlRouter/Info.plist;
				LD_RUNPATH_SEARCH_PATHS = (
					"$(inherited)",
					"@executable_path/Frameworks",
				);
				PRODUCT_BUNDLE_IDENTIFIER = com.tradeaider.app.XLUrlRouter;
				PRODUCT_NAME = "$(TARGET_NAME)";
				SWIFT_VERSION = 5.0;
				TARGETED_DEVICE_FAMILY = "1,2";
			};
			name = Release;
		};
		7880F7BA242310A700F5F8B2 /* Debug */ = {
			isa = XCBuildConfiguration;
			buildSettings = {
				ALWAYS_EMBED_SWIFT_STANDARD_LIBRARIES = YES;
				BUNDLE_LOADER = "$(TEST_HOST)";
				CODE_SIGN_STYLE = Automatic;
				DEVELOPMENT_TEAM = 8RC3NK7EXM;
				INFOPLIST_FILE = XLUrlRouterTests/Info.plist;
				IPHONEOS_DEPLOYMENT_TARGET = 13.2;
				LD_RUNPATH_SEARCH_PATHS = (
					"$(inherited)",
					"@executable_path/Frameworks",
					"@loader_path/Frameworks",
				);
				PRODUCT_BUNDLE_IDENTIFIER = com.tradeaider.app.XLUrlRouterTests;
				PRODUCT_NAME = "$(TARGET_NAME)";
				SWIFT_VERSION = 5.0;
				TARGETED_DEVICE_FAMILY = "1,2";
				TEST_HOST = "$(BUILT_PRODUCTS_DIR)/XLUrlRouter.app/XLUrlRouter";
			};
			name = Debug;
		};
		7880F7BB242310A700F5F8B2 /* Release */ = {
			isa = XCBuildConfiguration;
			buildSettings = {
				ALWAYS_EMBED_SWIFT_STANDARD_LIBRARIES = YES;
				BUNDLE_LOADER = "$(TEST_HOST)";
				CODE_SIGN_STYLE = Automatic;
				DEVELOPMENT_TEAM = 8RC3NK7EXM;
				INFOPLIST_FILE = XLUrlRouterTests/Info.plist;
				IPHONEOS_DEPLOYMENT_TARGET = 13.2;
				LD_RUNPATH_SEARCH_PATHS = (
					"$(inherited)",
					"@executable_path/Frameworks",
					"@loader_path/Frameworks",
				);
				PRODUCT_BUNDLE_IDENTIFIER = com.tradeaider.app.XLUrlRouterTests;
				PRODUCT_NAME = "$(TARGET_NAME)";
				SWIFT_VERSION = 5.0;
				TARGETED_DEVICE_FAMILY = "1,2";
				TEST_HOST = "$(BUILT_PRODUCTS_DIR)/XLUrlRouter.app/XLUrlRouter";
			};
			name = Release;
		};
		7880F7BD242310A700F5F8B2 /* Debug */ = {
			isa = XCBuildConfiguration;
			buildSettings = {
				ALWAYS_EMBED_SWIFT_STANDARD_LIBRARIES = YES;
				CODE_SIGN_STYLE = Automatic;
				DEVELOPMENT_TEAM = 8RC3NK7EXM;
				INFOPLIST_FILE = XLUrlRouterUITests/Info.plist;
				LD_RUNPATH_SEARCH_PATHS = (
					"$(inherited)",
					"@executable_path/Frameworks",
					"@loader_path/Frameworks",
				);
				PRODUCT_BUNDLE_IDENTIFIER = com.tradeaider.app.XLUrlRouterUITests;
				PRODUCT_NAME = "$(TARGET_NAME)";
				SWIFT_VERSION = 5.0;
				TARGETED_DEVICE_FAMILY = "1,2";
				TEST_TARGET_NAME = XLUrlRouter;
			};
			name = Debug;
		};
		7880F7BE242310A700F5F8B2 /* Release */ = {
			isa = XCBuildConfiguration;
			buildSettings = {
				ALWAYS_EMBED_SWIFT_STANDARD_LIBRARIES = YES;
				CODE_SIGN_STYLE = Automatic;
				DEVELOPMENT_TEAM = 8RC3NK7EXM;
				INFOPLIST_FILE = XLUrlRouterUITests/Info.plist;
				LD_RUNPATH_SEARCH_PATHS = (
					"$(inherited)",
					"@executable_path/Frameworks",
					"@loader_path/Frameworks",
				);
				PRODUCT_BUNDLE_IDENTIFIER = com.tradeaider.app.XLUrlRouterUITests;
				PRODUCT_NAME = "$(TARGET_NAME)";
				SWIFT_VERSION = 5.0;
				TARGETED_DEVICE_FAMILY = "1,2";
				TEST_TARGET_NAME = XLUrlRouter;
			};
			name = Release;
		};
/* End XCBuildConfiguration section */

/* Begin XCConfigurationList section */
		7880F787242310A400F5F8B2 /* Build configuration list for PBXProject "XLUrlRouter" */ = {
			isa = XCConfigurationList;
			buildConfigurations = (
				7880F7B4242310A700F5F8B2 /* Debug */,
				7880F7B5242310A700F5F8B2 /* Release */,
			);
			defaultConfigurationIsVisible = 0;
			defaultConfigurationName = Release;
		};
		7880F7B6242310A700F5F8B2 /* Build configuration list for PBXNativeTarget "XLUrlRouter" */ = {
			isa = XCConfigurationList;
			buildConfigurations = (
				7880F7B7242310A700F5F8B2 /* Debug */,
				7880F7B8242310A700F5F8B2 /* Release */,
			);
			defaultConfigurationIsVisible = 0;
			defaultConfigurationName = Release;
		};
		7880F7B9242310A700F5F8B2 /* Build configuration list for PBXNativeTarget "XLUrlRouterTests" */ = {
			isa = XCConfigurationList;
			buildConfigurations = (
				7880F7BA242310A700F5F8B2 /* Debug */,
				7880F7BB242310A700F5F8B2 /* Release */,
			);
			defaultConfigurationIsVisible = 0;
			defaultConfigurationName = Release;
		};
		7880F7BC242310A700F5F8B2 /* Build configuration list for PBXNativeTarget "XLUrlRouterUITests" */ = {
			isa = XCConfigurationList;
			buildConfigurations = (
				7880F7BD242310A700F5F8B2 /* Debug */,
				7880F7BE242310A700F5F8B2 /* Release */,
			);
			defaultConfigurationIsVisible = 0;
			defaultConfigurationName = Release;
		};
/* End XCConfigurationList section */
	};
	rootObject = 7880F784242310A400F5F8B2 /* Project object */;
}
